
Microsoft Visual Studio Solution File, Format Version 12.00
# Visual Studio Version 17
VisualStudioVersion = 17.7.34202.233
MinimumVisualStudioVersion = 10.0.40219.1
Project("{9A19103F-16F7-4668-BE54-9A1E7A4F7556}") = "Mythos.ASPWebAPI", "Mythos.ASPWebAPI\Mythos.ASPWebAPI.csproj", "{A985DCA2-B40D-4C38-8652-ABA806612CC5}"
	ProjectSection(ProjectDependencies) = postProject
		{3F443AAE-06B7-4886-8B7C-8BC487BECA5C} = {3F443AAE-06B7-4886-8B7C-8BC487BECA5C}
	EndProjectSection
EndProject
Project("{9A19103F-16F7-4668-BE54-9A1E7A4F7556}") = "Mythos.Core", "Mythos.Core\Mythos.Core.csproj", "{3F443AAE-06B7-4886-8B7C-8BC487BECA5C}"
EndProject
Project("{2150E333-8FDC-42A3-9474-1A3956D46DE8}") = "Solution Items", "Solution Items", "{A2AA7A4A-CE33-49E8-870A-33BB9A34E32F}"
	ProjectSection(SolutionItems) = preProject
		.gitignore = .gitignore
	EndProjectSection
EndProject
Project("{9A19103F-16F7-4668-BE54-9A1E7A4F7556}") = "Mythos.ConsoleLogging", "Mythos.ConsoleLogging\Mythos.ConsoleLogging.csproj", "{1DA3ECFC-3102-4318-BA5B-67AB091234A9}"
EndProject
Global
	GlobalSection(SolutionConfigurationPlatforms) = preSolution
		Debug|Any CPU = Debug|Any CPU
		Release|Any CPU = Release|Any CPU
	EndGlobalSection
	GlobalSection(ProjectConfigurationPlatforms) = postSolution
		{A985DCA2-B40D-4C38-8652-ABA806612CC5}.Debug|Any CPU.ActiveCfg = Debug|Any CPU
		{A985DCA2-B40D-4C38-8652-ABA806612CC5}.Debug|Any CPU.Build.0 = Debug|Any CPU
		{A985DCA2-B40D-4C38-8652-ABA806612CC5}.Release|Any CPU.ActiveCfg = Release|Any CPU
		{A985DCA2-B40D-4C38-8652-ABA806612CC5}.Release|Any CPU.Build.0 = Release|Any CPU
		{3F443AAE-06B7-4886-8B7C-8BC487BECA5C}.Debug|Any CPU.ActiveCfg = Debug|Any CPU
		{3F443AAE-06B7-4886-8B7C-8BC487BECA5C}.Debug|Any CPU.Build.0 = Debug|Any CPU
		{3F443AAE-06B7-4886-8B7C-8BC487BECA5C}.Release|Any CPU.ActiveCfg = Release|Any CPU
		{3F443AAE-06B7-4886-8B7C-8BC487BECA5C}.Release|Any CPU.Build.0 = Release|Any CPU
		{1DA3ECFC-3102-4318-BA5B-67AB091234A9}.Debug|Any CPU.ActiveCfg = Debug|Any CPU
		{1DA3ECFC-3102-4318-BA5B-67AB091234A9}.Debug|Any CPU.Build.0 = Debug|Any CPU
		{1DA3ECFC-3102-4318-BA5B-67AB091234A9}.Release|Any CPU.ActiveCfg = Release|Any CPU
		{1DA3ECFC-3102-4318-BA5B-67AB091234A9}.Release|Any CPU.Build.0 = Release|Any CPU
	EndGlobalSection
	GlobalSection(SolutionProperties) = preSolution
		HideSolutionNode = FALSE
	EndGlobalSection
	GlobalSection(ExtensibilityGlobals) = postSolution
		SolutionGuid = {09102043-C77F-4F67-BDA7-46CAE7F98E76}
	EndGlobalSection
EndGlobal
